
Microsoft Visual Studio Solution File, Format Version 12.00
# Visual Studio Version 16
VisualStudioVersion = 16.0.30503.244
MinimumVisualStudioVersion = 10.0.40219.1
Project("{FAE04EC0-301F-11D3-BF4B-00C04F79EFBC}") = "RetrieveOpenWeatherAPIData", "RetrieveOpenWeatherAPIData.csproj", "{9B49912A-D29D-4519-BBFE-FDE2D94521F9}"
EndProject
Global
	GlobalSection(SolutionConfigurationPlatforms) = preSolution
		Debug|Any CPU = Debug|Any CPU
		Release|Any CPU = Release|Any CPU
	EndGlobalSection
	GlobalSection(ProjectConfigurationPlatforms) = postSolution
		{9B49912A-D29D-4519-BBFE-FDE2D94521F9}.Debug|Any CPU.ActiveCfg = Debug|Any CPU
		{9B49912A-D29D-4519-BBFE-FDE2D94521F9}.Debug|Any CPU.Build.0 = Debug|Any CPU
		{9B49912A-D29D-4519-BBFE-FDE2D94521F9}.Release|Any CPU.ActiveCfg = Release|Any CPU
		{9B49912A-D29D-4519-BBFE-FDE2D94521F9}.Release|Any CPU.Build.0 = Release|Any CPU
	EndGlobalSection
	GlobalSection(SolutionProperties) = preSolution
		HideSolutionNode = FALSE
	EndGlobalSection
	GlobalSection(ExtensibilityGlobals) = postSolution
		SolutionGuid = {D2C4BA7D-D48A-48A5-A156-990754DDACD5}
	EndGlobalSection
EndGlobal
